
Microsoft Visual Studio Solution File, Format Version 12.00
# Visual Studio Version 17
VisualStudioVersion = 17.5.002.0
MinimumVisualStudioVersion = 10.0.40219.1
Project("{9A19103F-16F7-4668-BE54-9A1E7A4F7556}") = "Todo4", "Todo4.csproj", "{75D3D110-470E-475E-9562-5C716C1A6390}"
EndProject
Global
	GlobalSection(SolutionConfigurationPlatforms) = preSolution
		Debug|Any CPU = Debug|Any CPU
		Release|Any CPU = Release|Any CPU
	EndGlobalSection
	GlobalSection(ProjectConfigurationPlatforms) = postSolution
		{75D3D110-470E-475E-9562-5C716C1A6390}.Debug|Any CPU.ActiveCfg = Debug|Any CPU
		{75D3D110-470E-475E-9562-5C716C1A6390}.Debug|Any CPU.Build.0 = Debug|Any CPU
		{75D3D110-470E-475E-9562-5C716C1A6390}.Release|Any CPU.ActiveCfg = Release|Any CPU
		{75D3D110-470E-475E-9562-5C716C1A6390}.Release|Any CPU.Build.0 = Release|Any CPU
	EndGlobalSection
	GlobalSection(SolutionProperties) = preSolution
		HideSolutionNode = FALSE
	EndGlobalSection
	GlobalSection(ExtensibilityGlobals) = postSolution
		SolutionGuid = {3CDA1F70-B6F4-4757-8736-569E6E90CDA6}
	EndGlobalSection
EndGlobal
